
Microsoft Visual Studio Solution File, Format Version 12.00
# Visual Studio Version 16
VisualStudioVersion = 16.0.30621.155
MinimumVisualStudioVersion = 10.0.40219.1
Project("{FAE04EC0-301F-11D3-BF4B-00C04F79EFBC}") = "PROYECTO_CONFITERIA", "PROYECTO_CONFITERIA.csproj", "{6E578CDB-566B-425E-99AC-DC1C1E8036AD}"
EndProject
Project("{FAE04EC0-301F-11D3-BF4B-00C04F79EFBC}") = "DAL", "..\DAL\DAL.csproj", "{B93A71E6-7A12-4B09-B61B-58E2C138EACF}"
EndProject
Project("{FAE04EC0-301F-11D3-BF4B-00C04F79EFBC}") = "BLL", "..\BLL\BLL.csproj", "{96C9DD36-3653-4621-8DC0-8BBB812BF0DA}"
EndProject
Project("{FAE04EC0-301F-11D3-BF4B-00C04F79EFBC}") = "ENTIDADES", "..\ENTIDADES\ENTIDADES.csproj", "{C690C1CF-6EF0-43EA-AE8A-7EE3A126CD73}"
EndProject
Global
	GlobalSection(SolutionConfigurationPlatforms) = preSolution
		Debug|Any CPU = Debug|Any CPU
		Release|Any CPU = Release|Any CPU
	EndGlobalSection
	GlobalSection(ProjectConfigurationPlatforms) = postSolution
		{6E578CDB-566B-425E-99AC-DC1C1E8036AD}.Debug|Any CPU.ActiveCfg = Debug|Any CPU
		{6E578CDB-566B-425E-99AC-DC1C1E8036AD}.Debug|Any CPU.Build.0 = Debug|Any CPU
		{6E578CDB-566B-425E-99AC-DC1C1E8036AD}.Release|Any CPU.ActiveCfg = Release|Any CPU
		{6E578CDB-566B-425E-99AC-DC1C1E8036AD}.Release|Any CPU.Build.0 = Release|Any CPU
		{B93A71E6-7A12-4B09-B61B-58E2C138EACF}.Debug|Any CPU.ActiveCfg = Debug|Any CPU
		{B93A71E6-7A12-4B09-B61B-58E2C138EACF}.Debug|Any CPU.Build.0 = Debug|Any CPU
		{B93A71E6-7A12-4B09-B61B-58E2C138EACF}.Release|Any CPU.ActiveCfg = Release|Any CPU
		{B93A71E6-7A12-4B09-B61B-58E2C138EACF}.Release|Any CPU.Build.0 = Release|Any CPU
		{96C9DD36-3653-4621-8DC0-8BBB812BF0DA}.Debug|Any CPU.ActiveCfg = Debug|Any CPU
		{96C9DD36-3653-4621-8DC0-8BBB812BF0DA}.Debug|Any CPU.Build.0 = Debug|Any CPU
		{96C9DD36-3653-4621-8DC0-8BBB812BF0DA}.Release|Any CPU.ActiveCfg = Release|Any CPU
		{96C9DD36-3653-4621-8DC0-8BBB812BF0DA}.Release|Any CPU.Build.0 = Release|Any CPU
		{C690C1CF-6EF0-43EA-AE8A-7EE3A126CD73}.Debug|Any CPU.ActiveCfg = Debug|Any CPU
		{C690C1CF-6EF0-43EA-AE8A-7EE3A126CD73}.Debug|Any CPU.Build.0 = Debug|Any CPU
		{C690C1CF-6EF0-43EA-AE8A-7EE3A126CD73}.Release|Any CPU.ActiveCfg = Release|Any CPU
		{C690C1CF-6EF0-43EA-AE8A-7EE3A126CD73}.Release|Any CPU.Build.0 = Release|Any CPU
	EndGlobalSection
	GlobalSection(SolutionProperties) = preSolution
		HideSolutionNode = FALSE
	EndGlobalSection
	GlobalSection(ExtensibilityGlobals) = postSolution
		SolutionGuid = {29FA51D6-7345-4B8D-AD5A-CB944F6F7A38}
	EndGlobalSection
EndGlobal
